
Microsoft Visual Studio Solution File, Format Version 12.00
# Visual Studio 15
VisualStudioVersion = 15.0.27428.2015
MinimumVisualStudioVersion = 10.0.40219.1
Project("{9A19103F-16F7-4668-BE54-9A1E7A4F7556}") = "nom-nom-nom", "nom-nom-nom.csproj", "{ED08F5A9-920C-40D4-88DC-1D075337185A}"
EndProject
Global
	GlobalSection(SolutionConfigurationPlatforms) = preSolution
		Debug|Any CPU = Debug|Any CPU
		Release|Any CPU = Release|Any CPU
	EndGlobalSection
	GlobalSection(ProjectConfigurationPlatforms) = postSolution
		{ED08F5A9-920C-40D4-88DC-1D075337185A}.Debug|Any CPU.ActiveCfg = Debug|Any CPU
		{ED08F5A9-920C-40D4-88DC-1D075337185A}.Debug|Any CPU.Build.0 = Debug|Any CPU
		{ED08F5A9-920C-40D4-88DC-1D075337185A}.Release|Any CPU.ActiveCfg = Release|Any CPU
		{ED08F5A9-920C-40D4-88DC-1D075337185A}.Release|Any CPU.Build.0 = Release|Any CPU
	EndGlobalSection
	GlobalSection(SolutionProperties) = preSolution
		HideSolutionNode = FALSE
	EndGlobalSection
	GlobalSection(ExtensibilityGlobals) = postSolution
		SolutionGuid = {23ECF6AD-DC54-4AF5-93FC-866BC16BBD23}
	EndGlobalSection
EndGlobal
